
Microsoft Visual Studio Solution File, Format Version 12.00
# Visual Studio 15
VisualStudioVersion = 15.0.28307.421
MinimumVisualStudioVersion = 10.0.40219.1
Project("{FAE04EC0-301F-11D3-BF4B-00C04F79EFBC}") = "Class04-more-homework", "Class04-more-homework\Class04-more-homework.csproj", "{4ADDBB3F-674A-4E36-AC61-266155AE09EB}"
EndProject
Project("{FAE04EC0-301F-11D3-BF4B-00C04F79EFBC}") = "Guessing-game", "Guessing-game\Guessing-game.csproj", "{CC1F1F84-F1E0-4565-A1DF-8C170D19B510}"
EndProject
Global
	GlobalSection(SolutionConfigurationPlatforms) = preSolution
		Debug|Any CPU = Debug|Any CPU
		Release|Any CPU = Release|Any CPU
	EndGlobalSection
	GlobalSection(ProjectConfigurationPlatforms) = postSolution
		{4ADDBB3F-674A-4E36-AC61-266155AE09EB}.Debug|Any CPU.ActiveCfg = Debug|Any CPU
		{4ADDBB3F-674A-4E36-AC61-266155AE09EB}.Debug|Any CPU.Build.0 = Debug|Any CPU
		{4ADDBB3F-674A-4E36-AC61-266155AE09EB}.Release|Any CPU.ActiveCfg = Release|Any CPU
		{4ADDBB3F-674A-4E36-AC61-266155AE09EB}.Release|Any CPU.Build.0 = Release|Any CPU
		{CC1F1F84-F1E0-4565-A1DF-8C170D19B510}.Debug|Any CPU.ActiveCfg = Debug|Any CPU
		{CC1F1F84-F1E0-4565-A1DF-8C170D19B510}.Debug|Any CPU.Build.0 = Debug|Any CPU
		{CC1F1F84-F1E0-4565-A1DF-8C170D19B510}.Release|Any CPU.ActiveCfg = Release|Any CPU
		{CC1F1F84-F1E0-4565-A1DF-8C170D19B510}.Release|Any CPU.Build.0 = Release|Any CPU
	EndGlobalSection
	GlobalSection(SolutionProperties) = preSolution
		HideSolutionNode = FALSE
	EndGlobalSection
	GlobalSection(ExtensibilityGlobals) = postSolution
		SolutionGuid = {B06ACA4B-139C-46A2-9487-6AD5C97AAAA5}
	EndGlobalSection
EndGlobal
