
Microsoft Visual Studio Solution File, Format Version 12.00
# Visual Studio 15
VisualStudioVersion = 15.0.28307.421
MinimumVisualStudioVersion = 10.0.40219.1
Project("{FAE04EC0-301F-11D3-BF4B-00C04F79EFBC}") = "Class02-homework", "Class02-homework\Class02-homework.csproj", "{12582F80-EFE2-4492-8617-DE16C922FF0F}"
EndProject
Project("{FAE04EC0-301F-11D3-BF4B-00C04F79EFBC}") = "Class02-bonus", "Class02-bonus\Class02-bonus.csproj", "{86872A89-0550-42C9-93D6-4B0C3D0ADB1A}"
EndProject
Global
	GlobalSection(SolutionConfigurationPlatforms) = preSolution
		Debug|Any CPU = Debug|Any CPU
		Release|Any CPU = Release|Any CPU
	EndGlobalSection
	GlobalSection(ProjectConfigurationPlatforms) = postSolution
		{12582F80-EFE2-4492-8617-DE16C922FF0F}.Debug|Any CPU.ActiveCfg = Debug|Any CPU
		{12582F80-EFE2-4492-8617-DE16C922FF0F}.Debug|Any CPU.Build.0 = Debug|Any CPU
		{12582F80-EFE2-4492-8617-DE16C922FF0F}.Release|Any CPU.ActiveCfg = Release|Any CPU
		{12582F80-EFE2-4492-8617-DE16C922FF0F}.Release|Any CPU.Build.0 = Release|Any CPU
		{86872A89-0550-42C9-93D6-4B0C3D0ADB1A}.Debug|Any CPU.ActiveCfg = Debug|Any CPU
		{86872A89-0550-42C9-93D6-4B0C3D0ADB1A}.Debug|Any CPU.Build.0 = Debug|Any CPU
		{86872A89-0550-42C9-93D6-4B0C3D0ADB1A}.Release|Any CPU.ActiveCfg = Release|Any CPU
		{86872A89-0550-42C9-93D6-4B0C3D0ADB1A}.Release|Any CPU.Build.0 = Release|Any CPU
	EndGlobalSection
	GlobalSection(SolutionProperties) = preSolution
		HideSolutionNode = FALSE
	EndGlobalSection
	GlobalSection(ExtensibilityGlobals) = postSolution
		SolutionGuid = {C69CC8C9-AFF5-4748-9F28-B299718C5ED3}
	EndGlobalSection
EndGlobal
